
Microsoft Visual Studio Solution File, Format Version 12.00
# Visual Studio Version 16
VisualStudioVersion = 16.0.29728.190
MinimumVisualStudioVersion = 10.0.40219.1
Project("{FAE04EC0-301F-11D3-BF4B-00C04F79EFBC}") = "Bajnding2", "Bajnding2.csproj", "{E7A788D7-9A01-42C0-AC9B-84BFDCE8AE65}"
EndProject
Global
	GlobalSection(SolutionConfigurationPlatforms) = preSolution
		Debug|Any CPU = Debug|Any CPU
		Release|Any CPU = Release|Any CPU
	EndGlobalSection
	GlobalSection(ProjectConfigurationPlatforms) = postSolution
		{E7A788D7-9A01-42C0-AC9B-84BFDCE8AE65}.Debug|Any CPU.ActiveCfg = Debug|Any CPU
		{E7A788D7-9A01-42C0-AC9B-84BFDCE8AE65}.Debug|Any CPU.Build.0 = Debug|Any CPU
		{E7A788D7-9A01-42C0-AC9B-84BFDCE8AE65}.Release|Any CPU.ActiveCfg = Release|Any CPU
		{E7A788D7-9A01-42C0-AC9B-84BFDCE8AE65}.Release|Any CPU.Build.0 = Release|Any CPU
	EndGlobalSection
	GlobalSection(SolutionProperties) = preSolution
		HideSolutionNode = FALSE
	EndGlobalSection
	GlobalSection(ExtensibilityGlobals) = postSolution
		SolutionGuid = {B5017E8F-5F7B-42AD-8C7E-C7D4B9E0B8C1}
	EndGlobalSection
EndGlobal
